{
  "name": "node-red-contrib-coinspot",
  "version": "0.0.1",
  "lockfileVersion": 1,
  "requires": true,
  "dependencies": {
    "coinspot-api": {
      "version": "0.1.20",
      "resolved": "https://registry.npmjs.org/coinspot-api/-/coinspot-api-0.1.20.tgz",
      "integrity": "sha1-ManI9MrVveKGJ3wuU4w/bTZQKRw="
    }
  }
}
